// !$*UTF8*$!
{
	archiveVersion = 1;
	classes = {
	};
	objectVersion = 55;
	objects = {

/* Begin PBXBuildFile section */
		181D673F27CDE60900F66CBF /* AppDelegate.swift in Sources */ = {isa = PBXBuildFile; fileRef = 181D673E27CDE60900F66CBF /* AppDelegate.swift */; };
		181D674327CDE60900F66CBF /* ViewController.swift in Sources */ = {isa = PBXBuildFile; fileRef = 181D674227CDE60900F66CBF /* ViewController.swift */; };
		181D674627CDE60900F66CBF /* Main.storyboard in Resources */ = {isa = PBXBuildFile; fileRef = 181D674427CDE60900F66CBF /* Main.storyboard */; };
		181D674827CDE60B00F66CBF /* Assets.xcassets in Resources */ = {isa = PBXBuildFile; fileRef = 181D674727CDE60B00F66CBF /* Assets.xcassets */; };
		181D674B27CDE60B00F66CBF /* LaunchScreen.storyboard in Resources */ = {isa = PBXBuildFile; fileRef = 181D674927CDE60B00F66CBF /* LaunchScreen.storyboard */; };
		181D675427CE270400F66CBF /* VGSShowSDK in Frameworks */ = {isa = PBXBuildFile; productRef = 181D675327CE270400F66CBF /* VGSShowSDK */; };
		181D675B27CE445E00F66CBF /* IQKeyboardManagerSwift in Frameworks */ = {isa = PBXBuildFile; productRef = 181D675A27CE445E00F66CBF /* IQKeyboardManagerSwift */; };
/* End PBXBuildFile section */

/* Begin PBXFileReference section */
		181D673B27CDE60900F66CBF /* VGSShow.app */ = {isa = PBXFileReference; explicitFileType = wrapper.application; includeInIndex = 0; path = VGSShow.app; sourceTree = BUILT_PRODUCTS_DIR; };
		181D673E27CDE60900F66CBF /* AppDelegate.swift */ = {isa = PBXFileReference; lastKnownFileType = sourcecode.swift; path = AppDelegate.swift; sourceTree = "<group>"; };
		181D674227CDE60900F66CBF /* ViewController.swift */ = {isa = PBXFileReference; lastKnownFileType = sourcecode.swift; path = ViewController.swift; sourceTree = "<group>"; };
		181D674527CDE60900F66CBF /* Base */ = {isa = PBXFileReference; lastKnownFileType = file.storyboard; name = Base; path = Base.lproj/Main.storyboard; sourceTree = "<group>"; };
		181D674727CDE60B00F66CBF /* Assets.xcassets */ = {isa = PBXFileReference; lastKnownFileType = folder.assetcatalog; path = Assets.xcassets; sourceTree = "<group>"; };
		181D674A27CDE60B00F66CBF /* Base */ = {isa = PBXFileReference; lastKnownFileType = file.storyboard; name = Base; path = Base.lproj/LaunchScreen.storyboard; sourceTree = "<group>"; };
		181D674C27CDE60B00F66CBF /* Info.plist */ = {isa = PBXFileReference; lastKnownFileType = text.plist.xml; path = Info.plist; sourceTree = "<group>"; };
/* End PBXFileReference section */

/* Begin PBXFrameworksBuildPhase section */
		181D673827CDE60900F66CBF /* Frameworks */ = {
			isa = PBXFrameworksBuildPhase;
			buildActionMask = 2147483647;
			files = (
				181D675427CE270400F66CBF /* VGSShowSDK in Frameworks */,
				181D675B27CE445E00F66CBF /* IQKeyboardManagerSwift in Frameworks */,
			);
			runOnlyForDeploymentPostprocessing = 0;
		};
/* End PBXFrameworksBuildPhase section */

/* Begin PBXGroup section */
		181D673227CDE60900F66CBF = {
			isa = PBXGroup;
			children = (
				181D673D27CDE60900F66CBF /* VGSShow */,
				181D673C27CDE60900F66CBF /* Products */,
			);
			sourceTree = "<group>";
		};
		181D673C27CDE60900F66CBF /* Products */ = {
			isa = PBXGroup;
			children = (
				181D673B27CDE60900F66CBF /* VGSShow.app */,
			);
			name = Products;
			sourceTree = "<group>";
		};
		181D673D27CDE60900F66CBF /* VGSShow */ = {
			isa = PBXGroup;
			children = (
				181D673E27CDE60900F66CBF /* AppDelegate.swift */,
				181D674227CDE60900F66CBF /* ViewController.swift */,
				181D674427CDE60900F66CBF /* Main.storyboard */,
				181D674727CDE60B00F66CBF /* Assets.xcassets */,
				181D674927CDE60B00F66CBF /* LaunchScreen.storyboard */,
				181D674C27CDE60B00F66CBF /* Info.plist */,
			);
			path = VGSShow;
			sourceTree = "<group>";
		};
/* End PBXGroup section */

/* Begin PBXNativeTarget section */
		181D673A27CDE60900F66CBF /* VGSShow */ = {
			isa = PBXNativeTarget;
			buildConfigurationList = 181D674F27CDE60B00F66CBF /* Build configuration list for PBXNativeTarget "VGSShow" */;
			buildPhases = (
				181D673727CDE60900F66CBF /* Sources */,
				181D673827CDE60900F66CBF /* Frameworks */,
				181D673927CDE60900F66CBF /* Resources */,
			);
			buildRules = (
			);
			dependencies = (
			);
			name = VGSShow;
			packageProductDependencies = (
				181D675327CE270400F66CBF /* VGSShowSDK */,
				181D675A27CE445E00F66CBF /* IQKeyboardManagerSwift */,
			);
			productName = VGSShow;
			productReference = 181D673B27CDE60900F66CBF /* VGSShow.app */;
			productType = "com.apple.product-type.application";
		};
/* End PBXNativeTarget section */

/* Begin PBXProject section */
		181D673327CDE60900F66CBF /* Project object */ = {
			isa = PBXProject;
			attributes = {
				BuildIndependentTargetsInParallel = 1;
				LastSwiftUpdateCheck = 1310;
				LastUpgradeCheck = 1310;
				TargetAttributes = {
					181D673A27CDE60900F66CBF = {
						CreatedOnToolsVersion = 13.1;
					};
				};
			};
			buildConfigurationList = 181D673627CDE60900F66CBF /* Build configuration list for PBXProject "VGSShow" */;
			compatibilityVersion = "Xcode 13.0";
			developmentRegion = en;
			hasScannedForEncodings = 0;
			knownRegions = (
				en,
				Base,
			);
			mainGroup = 181D673227CDE60900F66CBF;
			packageReferences = (
				181D675227CE270400F66CBF /* XCRemoteSwiftPackageReference "vgs-show-ios" */,
				181D675927CE445E00F66CBF /* XCRemoteSwiftPackageReference "IQKeyboardManager" */,
			);
			productRefGroup = 181D673C27CDE60900F66CBF /* Products */;
			projectDirPath = "";
			projectRoot = "";
			targets = (
				181D673A27CDE60900F66CBF /* VGSShow */,
			);
		};
/* End PBXProject section */

/* Begin PBXResourcesBuildPhase section */
		181D673927CDE60900F66CBF /* Resources */ = {
			isa = PBXResourcesBuildPhase;
			buildActionMask = 2147483647;
			files = (
				181D674B27CDE60B00F66CBF /* LaunchScreen.storyboard in Resources */,
				181D674827CDE60B00F66CBF /* Assets.xcassets in Resources */,
				181D674627CDE60900F66CBF /* Main.storyboard in Resources */,
			);
			runOnlyForDeploymentPostprocessing = 0;
		};
/* End PBXResourcesBuildPhase section */

/* Begin PBXSourcesBuildPhase section */
		181D673727CDE60900F66CBF /* Sources */ = {
			isa = PBXSourcesBuildPhase;
			buildActionMask = 2147483647;
			files = (
				181D674327CDE60900F66CBF /* ViewController.swift in Sources */,
				181D673F27CDE60900F66CBF /* AppDelegate.swift in Sources */,
			);
			runOnlyForDeploymentPostprocessing = 0;
		};
/* End PBXSourcesBuildPhase section */

/* Begin PBXVariantGroup section */
		181D674427CDE60900F66CBF /* Main.storyboard */ = {
			isa = PBXVariantGroup;
			children = (
				181D674527CDE60900F66CBF /* Base */,
			);
			name = Main.storyboard;
			sourceTree = "<group>";
		};
		181D674927CDE60B00F66CBF /* LaunchScreen.storyboard */ = {
			isa = PBXVariantGroup;
			children = (
				181D674A27CDE60B00F66CBF /* Base */,
			);
			name = LaunchScreen.storyboard;
			sourceTree = "<group>";
		};
/* End PBXVariantGroup section */

/* Begin XCBuildConfiguration section */
		181D674D27CDE60B00F66CBF /* Debug */ = {
			isa = XCBuildConfiguration;
			buildSettings = {
				ALWAYS_SEARCH_USER_PATHS = NO;
				CLANG_ANALYZER_NONNULL = YES;
				CLANG_ANALYZER_NUMBER_OBJECT_CONVERSION = YES_AGGRESSIVE;
				CLANG_CXX_LANGUAGE_STANDARD = "gnu++17";
				CLANG_CXX_LIBRARY = "libc++";
				CLANG_ENABLE_MODULES = YES;
				CLANG_ENABLE_OBJC_ARC = YES;
				CLANG_ENABLE_OBJC_WEAK = YES;
				CLANG_WARN_BLOCK_CAPTURE_AUTORELEASING = YES;
				CLANG_WARN_BOOL_CONVERSION = YES;
				CLANG_WARN_COMMA = YES;
				CLANG_WARN_CONSTANT_CONVERSION = YES;
				CLANG_WARN_DEPRECATED_OBJC_IMPLEMENTATIONS = YES;
				CLANG_WARN_DIRECT_OBJC_ISA_USAGE = YES_ERROR;
				CLANG_WARN_DOCUMENTATION_COMMENTS = YES;
				CLANG_WARN_EMPTY_BODY = YES;
				CLANG_WARN_ENUM_CONVERSION = YES;
				CLANG_WARN_INFINITE_RECURSION = YES;
				CLANG_WARN_INT_CONVERSION = YES;
				CLANG_WARN_NON_LITERAL_NULL_CONVERSION = YES;
				CLANG_WARN_OBJC_IMPLICIT_RETAIN_SELF = YES;
				CLANG_WARN_OBJC_LITERAL_CONVERSION = YES;
				CLANG_WARN_OBJC_ROOT_CLASS = YES_ERROR;
				CLANG_WARN_QUOTED_INCLUDE_IN_FRAMEWORK_HEADER = YES;
				CLANG_WARN_RANGE_LOOP_ANALYSIS = YES;
				CLANG_WARN_STRICT_PROTOTYPES = YES;
				CLANG_WARN_SUSPICIOUS_MOVE = YES;
				CLANG_WARN_UNGUARDED_AVAILABILITY = YES_AGGRESSIVE;
				CLANG_WARN_UNREACHABLE_CODE = YES;
				CLANG_WARN__DUPLICATE_METHOD_MATCH = YES;
				COPY_PHASE_STRIP = NO;
				DEBUG_INFORMATION_FORMAT = dwarf;
				ENABLE_STRICT_OBJC_MSGSEND = YES;
				ENABLE_TESTABILITY = YES;
				GCC_C_LANGUAGE_STANDARD = gnu11;
				GCC_DYNAMIC_NO_PIC = NO;
				GCC_NO_COMMON_BLOCKS = YES;
				GCC_OPTIMIZATION_LEVEL = 0;
				GCC_PREPROCESSOR_DEFINITIONS = (
					"DEBUG=1",
					"$(inherited)",
				);
				GCC_WARN_64_TO_32_BIT_CONVERSION = YES;
				GCC_WARN_ABOUT_RETURN_TYPE = YES_ERROR;
				GCC_WARN_UNDECLARED_SELECTOR = YES;
				GCC_WARN_UNINITIALIZED_AUTOS = YES_AGGRESSIVE;
				GCC_WARN_UNUSED_FUNCTION = YES;
				GCC_WARN_UNUSED_VARIABLE = YES;
				IPHONEOS_DEPLOYMENT_TARGET = 15.0;
				MTL_ENABLE_DEBUG_INFO = INCLUDE_SOURCE;
				MTL_FAST_MATH = YES;
				ONLY_ACTIVE_ARCH = YES;
				SDKROOT = iphoneos;
				SWIFT_ACTIVE_COMPILATION_CONDITIONS = DEBUG;
				SWIFT_OPTIMIZATION_LEVEL = "-Onone";
			};
			name = Debug;
		};
		181D674E27CDE60B00F66CBF /* Release */ = {
			isa = XCBuildConfiguration;
			buildSettings = {
				ALWAYS_SEARCH_USER_PATHS = NO;
				CLANG_ANALYZER_NONNULL = YES;
				CLANG_ANALYZER_NUMBER_OBJECT_CONVERSION = YES_AGGRESSIVE;
				CLANG_CXX_LANGUAGE_STANDARD = "gnu++17";
				CLANG_CXX_LIBRARY = "libc++";
				CLANG_ENABLE_MODULES = YES;
				CLANG_ENABLE_OBJC_ARC = YES;
				CLANG_ENABLE_OBJC_WEAK = YES;
				CLANG_WARN_BLOCK_CAPTURE_AUTORELEASING = YES;
				CLANG_WARN_BOOL_CONVERSION = YES;
				CLANG_WARN_COMMA = YES;
				CLANG_WARN_CONSTANT_CONVERSION = YES;
				CLANG_WARN_DEPRECATED_OBJC_IMPLEMENTATIONS = YES;
				CLANG_WARN_DIRECT_OBJC_ISA_USAGE = YES_ERROR;
				CLANG_WARN_DOCUMENTATION_COMMENTS = YES;
				CLANG_WARN_EMPTY_BODY = YES;
				CLANG_WARN_ENUM_CONVERSION = YES;
				CLANG_WARN_INFINITE_RECURSION = YES;
				CLANG_WARN_INT_CONVERSION = YES;
				CLANG_WARN_NON_LITERAL_NULL_CONVERSION = YES;
				CLANG_WARN_OBJC_IMPLICIT_RETAIN_SELF = YES;
				CLANG_WARN_OBJC_LITERAL_CONVERSION = YES;
				CLANG_WARN_OBJC_ROOT_CLASS = YES_ERROR;
				CLANG_WARN_QUOTED_INCLUDE_IN_FRAMEWORK_HEADER = YES;
				CLANG_WARN_RANGE_LOOP_ANALYSIS = YES;
				CLANG_WARN_STRICT_PROTOTYPES = YES;
				CLANG_WARN_SUSPICIOUS_MOVE = YES;
				CLANG_WARN_UNGUARDED_AVAILABILITY = YES_AGGRESSIVE;
				CLANG_WARN_UNREACHABLE_CODE = YES;
				CLANG_WARN__DUPLICATE_METHOD_MATCH = YES;
				COPY_PHASE_STRIP = NO;
				DEBUG_INFORMATION_FORMAT = "dwarf-with-dsym";
				ENABLE_NS_ASSERTIONS = NO;
				ENABLE_STRICT_OBJC_MSGSEND = YES;
				GCC_C_LANGUAGE_STANDARD = gnu11;
				GCC_NO_COMMON_BLOCKS = YES;
				GCC_WARN_64_TO_32_BIT_CONVERSION = YES;
				GCC_WARN_ABOUT_RETURN_TYPE = YES_ERROR;
				GCC_WARN_UNDECLARED_SELECTOR = YES;
				GCC_WARN_UNINITIALIZED_AUTOS = YES_AGGRESSIVE;
				GCC_WARN_UNUSED_FUNCTION = YES;
				GCC_WARN_UNUSED_VARIABLE = YES;
				IPHONEOS_DEPLOYMENT_TARGET = 15.0;
				MTL_ENABLE_DEBUG_INFO = NO;
				MTL_FAST_MATH = YES;
				SDKROOT = iphoneos;
				SWIFT_COMPILATION_MODE = wholemodule;
				SWIFT_OPTIMIZATION_LEVEL = "-O";
				VALIDATE_PRODUCT = YES;
			};
			name = Release;
		};
		181D675027CDE60B00F66CBF /* Debug */ = {
			isa = XCBuildConfiguration;
			buildSettings = {
				ASSETCATALOG_COMPILER_APPICON_NAME = AppIcon;
				ASSETCATALOG_COMPILER_GLOBAL_ACCENT_COLOR_NAME = AccentColor;
				CODE_SIGN_STYLE = Automatic;
				CURRENT_PROJECT_VERSION = 1;
				DEVELOPMENT_TEAM = L85M5NJ4X3;
				GENERATE_INFOPLIST_FILE = YES;
				INFOPLIST_FILE = VGSShow/Info.plist;
				INFOPLIST_KEY_UIApplicationSupportsIndirectInputEvents = YES;
				INFOPLIST_KEY_UILaunchStoryboardName = LaunchScreen;
				INFOPLIST_KEY_UIMainStoryboardFile = Main;
				INFOPLIST_KEY_UISupportedInterfaceOrientations_iPad = "UIInterfaceOrientationPortrait UIInterfaceOrientationPortraitUpsideDown UIInterfaceOrientationLandscapeLeft UIInterfaceOrientationLandscapeRight";
				INFOPLIST_KEY_UISupportedInterfaceOrientations_iPhone = "UIInterfaceOrientationPortrait UIInterfaceOrientationLandscapeLeft UIInterfaceOrientationLandscapeRight";
				LD_RUNPATH_SEARCH_PATHS = (
					"$(inherited)",
					"@executable_path/Frameworks",
				);
				MARKETING_VERSION = 1.0;
				PRODUCT_BUNDLE_IDENTIFIER = solid.VGSShow;
				PRODUCT_NAME = "$(TARGET_NAME)";
				SWIFT_EMIT_LOC_STRINGS = YES;
				SWIFT_VERSION = 5.0;
				TARGETED_DEVICE_FAMILY = "1,2";
			};
			name = Debug;
		};
		181D675127CDE60B00F66CBF /* Release */ = {
			isa = XCBuildConfiguration;
			buildSettings = {
				ASSETCATALOG_COMPILER_APPICON_NAME = AppIcon;
				ASSETCATALOG_COMPILER_GLOBAL_ACCENT_COLOR_NAME = AccentColor;
				CODE_SIGN_STYLE = Automatic;
				CURRENT_PROJECT_VERSION = 1;
				DEVELOPMENT_TEAM = L85M5NJ4X3;
				GENERATE_INFOPLIST_FILE = YES;
				INFOPLIST_FILE = VGSShow/Info.plist;
				INFOPLIST_KEY_UIApplicationSupportsIndirectInputEvents = YES;
				INFOPLIST_KEY_UILaunchStoryboardName = LaunchScreen;
				INFOPLIST_KEY_UIMainStoryboardFile = Main;
				INFOPLIST_KEY_UISupportedInterfaceOrientations_iPad = "UIInterfaceOrientationPortrait UIInterfaceOrientationPortraitUpsideDown UIInterfaceOrientationLandscapeLeft UIInterfaceOrientationLandscapeRight";
				INFOPLIST_KEY_UISupportedInterfaceOrientations_iPhone = "UIInterfaceOrientationPortrait UIInterfaceOrientationLandscapeLeft UIInterfaceOrientationLandscapeRight";
				LD_RUNPATH_SEARCH_PATHS = (
					"$(inherited)",
					"@executable_path/Frameworks",
				);
				MARKETING_VERSION = 1.0;
				PRODUCT_BUNDLE_IDENTIFIER = solid.VGSShow;
				PRODUCT_NAME = "$(TARGET_NAME)";
				SWIFT_EMIT_LOC_STRINGS = YES;
				SWIFT_VERSION = 5.0;
				TARGETED_DEVICE_FAMILY = "1,2";
			};
			name = Release;
		};
/* End XCBuildConfiguration section */

/* Begin XCConfigurationList section */
		181D673627CDE60900F66CBF /* Build configuration list for PBXProject "VGSShow" */ = {
			isa = XCConfigurationList;
			buildConfigurations = (
				181D674D27CDE60B00F66CBF /* Debug */,
				181D674E27CDE60B00F66CBF /* Release */,
			);
			defaultConfigurationIsVisible = 0;
			defaultConfigurationName = Release;
		};
		181D674F27CDE60B00F66CBF /* Build configuration list for PBXNativeTarget "VGSShow" */ = {
			isa = XCConfigurationList;
			buildConfigurations = (
				181D675027CDE60B00F66CBF /* Debug */,
				181D675127CDE60B00F66CBF /* Release */,
			);
			defaultConfigurationIsVisible = 0;
			defaultConfigurationName = Release;
		};
/* End XCConfigurationList section */

/* Begin XCRemoteSwiftPackageReference section */
		181D675227CE270400F66CBF /* XCRemoteSwiftPackageReference "vgs-show-ios" */ = {
			isa = XCRemoteSwiftPackageReference;
			repositoryURL = "https://github.com/verygoodsecurity/vgs-show-ios";
			requirement = {
				kind = upToNextMajorVersion;
				minimumVersion = 1.0.0;
			};
		};
		181D675927CE445E00F66CBF /* XCRemoteSwiftPackageReference "IQKeyboardManager" */ = {
			isa = XCRemoteSwiftPackageReference;
			repositoryURL = "https://github.com/hackiftekhar/IQKeyboardManager.git";
			requirement = {
				kind = upToNextMajorVersion;
				minimumVersion = 6.0.0;
			};
		};
/* End XCRemoteSwiftPackageReference section */

/* Begin XCSwiftPackageProductDependency section */
		181D675327CE270400F66CBF /* VGSShowSDK */ = {
			isa = XCSwiftPackageProductDependency;
			package = 181D675227CE270400F66CBF /* XCRemoteSwiftPackageReference "vgs-show-ios" */;
			productName = VGSShowSDK;
		};
		181D675A27CE445E00F66CBF /* IQKeyboardManagerSwift */ = {
			isa = XCSwiftPackageProductDependency;
			package = 181D675927CE445E00F66CBF /* XCRemoteSwiftPackageReference "IQKeyboardManager" */;
			productName = IQKeyboardManagerSwift;
		};
/* End XCSwiftPackageProductDependency section */
	};
	rootObject = 181D673327CDE60900F66CBF /* Project object */;
}
